
Microsoft Visual Studio Solution File, Format Version 12.00
# Visual Studio Version 17
VisualStudioVersion = 17.7.34221.43
MinimumVisualStudioVersion = 10.0.40219.1
Project("{FAE04EC0-301F-11D3-BF4B-00C04F79EFBC}") = "Desafio1-Coderhouse", "Desafio1-Coderhouse.csproj", "{2ADF74DB-F92A-45F4-90BD-F2D59BC97FD0}"
EndProject
Global
	GlobalSection(SolutionConfigurationPlatforms) = preSolution
		Debug|Any CPU = Debug|Any CPU
		Release|Any CPU = Release|Any CPU
	EndGlobalSection
	GlobalSection(ProjectConfigurationPlatforms) = postSolution
		{2ADF74DB-F92A-45F4-90BD-F2D59BC97FD0}.Debug|Any CPU.ActiveCfg = Debug|Any CPU
		{2ADF74DB-F92A-45F4-90BD-F2D59BC97FD0}.Debug|Any CPU.Build.0 = Debug|Any CPU
		{2ADF74DB-F92A-45F4-90BD-F2D59BC97FD0}.Release|Any CPU.ActiveCfg = Release|Any CPU
		{2ADF74DB-F92A-45F4-90BD-F2D59BC97FD0}.Release|Any CPU.Build.0 = Release|Any CPU
	EndGlobalSection
	GlobalSection(SolutionProperties) = preSolution
		HideSolutionNode = FALSE
	EndGlobalSection
	GlobalSection(ExtensibilityGlobals) = postSolution
		SolutionGuid = {5726F430-F82E-4EC5-9B89-12F320361B7A}
	EndGlobalSection
EndGlobal
