
Microsoft Visual Studio Solution File, Format Version 12.00
# Visual Studio Version 17
VisualStudioVersion = 17.7.34221.43
MinimumVisualStudioVersion = 10.0.40219.1
Project("{9A19103F-16F7-4668-BE54-9A1E7A4F7556}") = "Lesson1-ConsoleApp", "Lesson1-ConsoleApp.csproj", "{687612C3-CDC0-4670-9965-DE2B506F83E1}"
EndProject
Project("{9A19103F-16F7-4668-BE54-9A1E7A4F7556}") = "Lesson1-WinFormsApp", "..\Lesson1-WinFormsApp\Lesson1-WinFormsApp.csproj", "{69F10496-D709-4098-AD5F-FB956355DEF8}"
EndProject
Project("{9A19103F-16F7-4668-BE54-9A1E7A4F7556}") = "Lesson2-ConsoleApp", "..\Lesson2-ConsoleApp\Lesson2-ConsoleApp.csproj", "{37F1C3FB-C886-455F-B051-545E7B49E9E6}"
EndProject
Project("{9A19103F-16F7-4668-BE54-9A1E7A4F7556}") = "Lesson2-WinFormApp", "..\Lesson2-WinFormApp\Lesson2-WinFormApp.csproj", "{96A5A71D-D018-44B0-B0B1-BFE3F397E4F0}"
EndProject
Project("{9A19103F-16F7-4668-BE54-9A1E7A4F7556}") = "Lesson4-ConsoleApp", "..\Lesson3-ConsoleApp\Lesson4-ConsoleApp.csproj", "{760469E1-9836-42C2-8918-31B2A4519849}"
EndProject
Project("{FAE04EC0-301F-11D3-BF4B-00C04F79EFBC}") = "Lesson5-ConsoleApp", "..\Lesson5-ConsoleApp\Lesson5-ConsoleApp.csproj", "{CCD5A5F1-38CA-47A7-B189-7B350AF7359E}"
EndProject
Global
	GlobalSection(SolutionConfigurationPlatforms) = preSolution
		Debug|Any CPU = Debug|Any CPU
		Release|Any CPU = Release|Any CPU
	EndGlobalSection
	GlobalSection(ProjectConfigurationPlatforms) = postSolution
		{687612C3-CDC0-4670-9965-DE2B506F83E1}.Debug|Any CPU.ActiveCfg = Debug|Any CPU
		{687612C3-CDC0-4670-9965-DE2B506F83E1}.Debug|Any CPU.Build.0 = Debug|Any CPU
		{687612C3-CDC0-4670-9965-DE2B506F83E1}.Release|Any CPU.ActiveCfg = Release|Any CPU
		{687612C3-CDC0-4670-9965-DE2B506F83E1}.Release|Any CPU.Build.0 = Release|Any CPU
		{69F10496-D709-4098-AD5F-FB956355DEF8}.Debug|Any CPU.ActiveCfg = Debug|Any CPU
		{69F10496-D709-4098-AD5F-FB956355DEF8}.Debug|Any CPU.Build.0 = Debug|Any CPU
		{69F10496-D709-4098-AD5F-FB956355DEF8}.Release|Any CPU.ActiveCfg = Release|Any CPU
		{69F10496-D709-4098-AD5F-FB956355DEF8}.Release|Any CPU.Build.0 = Release|Any CPU
		{37F1C3FB-C886-455F-B051-545E7B49E9E6}.Debug|Any CPU.ActiveCfg = Debug|Any CPU
		{37F1C3FB-C886-455F-B051-545E7B49E9E6}.Debug|Any CPU.Build.0 = Debug|Any CPU
		{37F1C3FB-C886-455F-B051-545E7B49E9E6}.Release|Any CPU.ActiveCfg = Release|Any CPU
		{37F1C3FB-C886-455F-B051-545E7B49E9E6}.Release|Any CPU.Build.0 = Release|Any CPU
		{96A5A71D-D018-44B0-B0B1-BFE3F397E4F0}.Debug|Any CPU.ActiveCfg = Debug|Any CPU
		{96A5A71D-D018-44B0-B0B1-BFE3F397E4F0}.Debug|Any CPU.Build.0 = Debug|Any CPU
		{96A5A71D-D018-44B0-B0B1-BFE3F397E4F0}.Release|Any CPU.ActiveCfg = Release|Any CPU
		{96A5A71D-D018-44B0-B0B1-BFE3F397E4F0}.Release|Any CPU.Build.0 = Release|Any CPU
		{760469E1-9836-42C2-8918-31B2A4519849}.Debug|Any CPU.ActiveCfg = Debug|Any CPU
		{760469E1-9836-42C2-8918-31B2A4519849}.Debug|Any CPU.Build.0 = Debug|Any CPU
		{760469E1-9836-42C2-8918-31B2A4519849}.Release|Any CPU.ActiveCfg = Release|Any CPU
		{760469E1-9836-42C2-8918-31B2A4519849}.Release|Any CPU.Build.0 = Release|Any CPU
		{CCD5A5F1-38CA-47A7-B189-7B350AF7359E}.Debug|Any CPU.ActiveCfg = Debug|Any CPU
		{CCD5A5F1-38CA-47A7-B189-7B350AF7359E}.Debug|Any CPU.Build.0 = Debug|Any CPU
		{CCD5A5F1-38CA-47A7-B189-7B350AF7359E}.Release|Any CPU.ActiveCfg = Release|Any CPU
		{CCD5A5F1-38CA-47A7-B189-7B350AF7359E}.Release|Any CPU.Build.0 = Release|Any CPU
	EndGlobalSection
	GlobalSection(SolutionProperties) = preSolution
		HideSolutionNode = FALSE
	EndGlobalSection
	GlobalSection(ExtensibilityGlobals) = postSolution
		SolutionGuid = {18962D07-5E88-4926-B064-B14686064DC1}
	EndGlobalSection
EndGlobal
